// !$*UTF8*$!
{
	archiveVersion = 1;
	classes = {
	};
	objectVersion = 55;
	objects = {

/* Begin PBXBuildFile section */
		07343A7A281422DA00ECEA67 /* PlaceOfInterestService.swift in Sources */ = {isa = PBXBuildFile; fileRef = 07343A79281422DA00ECEA67 /* PlaceOfInterestService.swift */; };
		07343A7D28148B4C00ECEA67 /* LoadingView.swift in Sources */ = {isa = PBXBuildFile; fileRef = 07343A7C28148B4C00ECEA67 /* LoadingView.swift */; };
		075497B32814BA6A00E0D13A /* InterestPlaceDetailPresenter.swift in Sources */ = {isa = PBXBuildFile; fileRef = 075497B22814BA6A00E0D13A /* InterestPlaceDetailPresenter.swift */; };
		075497B52814BD9E00E0D13A /* InterestPlaceDetail.swift in Sources */ = {isa = PBXBuildFile; fileRef = 075497B42814BD9E00E0D13A /* InterestPlaceDetail.swift */; };
		075497B72814D18700E0D13A /* Extensions.swift in Sources */ = {isa = PBXBuildFile; fileRef = 075497B62814D18700E0D13A /* Extensions.swift */; };
		0785532028140AFE0044CCE2 /* Const.swift in Sources */ = {isa = PBXBuildFile; fileRef = 0785531F28140AFE0044CCE2 /* Const.swift */; };
		07BF92DE2817334B000A1A34 /* SettingsViewController.swift in Sources */ = {isa = PBXBuildFile; fileRef = 07BF92DD2817334B000A1A34 /* SettingsViewController.swift */; };
		07BF92E028173749000A1A34 /* PreferencesUtils.swift in Sources */ = {isa = PBXBuildFile; fileRef = 07BF92DF28173749000A1A34 /* PreferencesUtils.swift */; };
		07D72EEF28157E4E00655381 /* Region.swift in Sources */ = {isa = PBXBuildFile; fileRef = 07D72EEE28157E4E00655381 /* Region.swift */; };
		07D72EF12816042E00655381 /* WikipediaWKViewController.swift in Sources */ = {isa = PBXBuildFile; fileRef = 07D72EF02816042E00655381 /* WikipediaWKViewController.swift */; };
		07D72EF42816094900655381 /* POICollectionViewCell.swift in Sources */ = {isa = PBXBuildFile; fileRef = 07D72EF22816094900655381 /* POICollectionViewCell.swift */; };
		07D72EF52816094900655381 /* POICollectionViewCell.xib in Resources */ = {isa = PBXBuildFile; fileRef = 07D72EF32816094900655381 /* POICollectionViewCell.xib */; };
		07D72EF828160B1000655381 /* ViewDesignable.swift in Sources */ = {isa = PBXBuildFile; fileRef = 07D72EF728160B1000655381 /* ViewDesignable.swift */; };
		490F4B644051FABEC0BEDF9E /* Pods_LuckyTrip.framework in Frameworks */ = {isa = PBXBuildFile; fileRef = C4838F35770A10889DFC5565 /* Pods_LuckyTrip.framework */; };
		4A0330072810B77600AEE9BD /* InterestPlaceTableViewCell.swift in Sources */ = {isa = PBXBuildFile; fileRef = 4A0330052810B77600AEE9BD /* InterestPlaceTableViewCell.swift */; };
		4A0330082810B77600AEE9BD /* InterestPlaceTableViewCell.xib in Resources */ = {isa = PBXBuildFile; fileRef = 4A0330062810B77600AEE9BD /* InterestPlaceTableViewCell.xib */; };
		4A03300B2810C67500AEE9BD /* InterestPlace.swift in Sources */ = {isa = PBXBuildFile; fileRef = 4A03300A2810C67500AEE9BD /* InterestPlace.swift */; };
		4A03300D2810CA1600AEE9BD /* InterestPlaceDetailViewController.swift in Sources */ = {isa = PBXBuildFile; fileRef = 4A03300C2810CA1500AEE9BD /* InterestPlaceDetailViewController.swift */; };
		4A4DB2362811F28B0002FFAE /* InterestPlacePresenter.swift in Sources */ = {isa = PBXBuildFile; fileRef = 4A4DB2352811F28B0002FFAE /* InterestPlacePresenter.swift */; };
		4A89F3D12808CF9900860ABB /* HomeViewController.swift in Sources */ = {isa = PBXBuildFile; fileRef = 4A89F3D02808CF9900860ABB /* HomeViewController.swift */; };
		4AE139A328075A4E00552D0A /* AppDelegate.swift in Sources */ = {isa = PBXBuildFile; fileRef = 4AE139A228075A4E00552D0A /* AppDelegate.swift */; };
		4AE139A528075A4E00552D0A /* SceneDelegate.swift in Sources */ = {isa = PBXBuildFile; fileRef = 4AE139A428075A4E00552D0A /* SceneDelegate.swift */; };
		4AE139AA28075A4E00552D0A /* Main.storyboard in Resources */ = {isa = PBXBuildFile; fileRef = 4AE139A828075A4E00552D0A /* Main.storyboard */; };
		4AE139AD28075A4E00552D0A /* LuckyTrip.xcdatamodeld in Sources */ = {isa = PBXBuildFile; fileRef = 4AE139AB28075A4E00552D0A /* LuckyTrip.xcdatamodeld */; };
		4AE139AF28075A5100552D0A /* Assets.xcassets in Resources */ = {isa = PBXBuildFile; fileRef = 4AE139AE28075A5100552D0A /* Assets.xcassets */; };
		4AE139B228075A5100552D0A /* LaunchScreen.storyboard in Resources */ = {isa = PBXBuildFile; fileRef = 4AE139B028075A5100552D0A /* LaunchScreen.storyboard */; };
/* End PBXBuildFile section */

/* Begin PBXFileReference section */
		07343A79281422DA00ECEA67 /* PlaceOfInterestService.swift */ = {isa = PBXFileReference; lastKnownFileType = sourcecode.swift; path = PlaceOfInterestService.swift; sourceTree = "<group>"; };
		07343A7C28148B4C00ECEA67 /* LoadingView.swift */ = {isa = PBXFileReference; lastKnownFileType = sourcecode.swift; path = LoadingView.swift; sourceTree = "<group>"; };
		075497B22814BA6A00E0D13A /* InterestPlaceDetailPresenter.swift */ = {isa = PBXFileReference; lastKnownFileType = sourcecode.swift; path = InterestPlaceDetailPresenter.swift; sourceTree = "<group>"; };
		075497B42814BD9E00E0D13A /* InterestPlaceDetail.swift */ = {isa = PBXFileReference; lastKnownFileType = sourcecode.swift; path = InterestPlaceDetail.swift; sourceTree = "<group>"; };
		075497B62814D18700E0D13A /* Extensions.swift */ = {isa = PBXFileReference; lastKnownFileType = sourcecode.swift; path = Extensions.swift; sourceTree = "<group>"; };
		0785531F28140AFE0044CCE2 /* Const.swift */ = {isa = PBXFileReference; lastKnownFileType = sourcecode.swift; path = Const.swift; sourceTree = "<group>"; };
		07BF92DD2817334B000A1A34 /* SettingsViewController.swift */ = {isa = PBXFileReference; lastKnownFileType = sourcecode.swift; path = SettingsViewController.swift; sourceTree = "<group>"; };
		07BF92DF28173749000A1A34 /* PreferencesUtils.swift */ = {isa = PBXFileReference; lastKnownFileType = sourcecode.swift; path = PreferencesUtils.swift; sourceTree = "<group>"; };
		07D72EEE28157E4E00655381 /* Region.swift */ = {isa = PBXFileReference; lastKnownFileType = sourcecode.swift; path = Region.swift; sourceTree = "<group>"; };
		07D72EF02816042E00655381 /* WikipediaWKViewController.swift */ = {isa = PBXFileReference; lastKnownFileType = sourcecode.swift; path = WikipediaWKViewController.swift; sourceTree = "<group>"; };
		07D72EF22816094900655381 /* POICollectionViewCell.swift */ = {isa = PBXFileReference; lastKnownFileType = sourcecode.swift; path = POICollectionViewCell.swift; sourceTree = "<group>"; };
		07D72EF32816094900655381 /* POICollectionViewCell.xib */ = {isa = PBXFileReference; lastKnownFileType = file.xib; path = POICollectionViewCell.xib; sourceTree = "<group>"; };
		07D72EF728160B1000655381 /* ViewDesignable.swift */ = {isa = PBXFileReference; lastKnownFileType = sourcecode.swift; path = ViewDesignable.swift; sourceTree = "<group>"; };
		491B1E701FBEC3659151F699 /* Pods-LuckyTrip.release.xcconfig */ = {isa = PBXFileReference; includeInIndex = 1; lastKnownFileType = text.xcconfig; name = "Pods-LuckyTrip.release.xcconfig"; path = "Target Support Files/Pods-LuckyTrip/Pods-LuckyTrip.release.xcconfig"; sourceTree = "<group>"; };
		4A0330052810B77600AEE9BD /* InterestPlaceTableViewCell.swift */ = {isa = PBXFileReference; lastKnownFileType = sourcecode.swift; path = InterestPlaceTableViewCell.swift; sourceTree = "<group>"; };
		4A0330062810B77600AEE9BD /* InterestPlaceTableViewCell.xib */ = {isa = PBXFileReference; lastKnownFileType = file.xib; path = InterestPlaceTableViewCell.xib; sourceTree = "<group>"; };
		4A03300A2810C67500AEE9BD /* InterestPlace.swift */ = {isa = PBXFileReference; lastKnownFileType = sourcecode.swift; path = InterestPlace.swift; sourceTree = "<group>"; usesTabs = 0; };
		4A03300C2810CA1500AEE9BD /* InterestPlaceDetailViewController.swift */ = {isa = PBXFileReference; lastKnownFileType = sourcecode.swift; path = InterestPlaceDetailViewController.swift; sourceTree = "<group>"; };
		4A4DB2352811F28B0002FFAE /* InterestPlacePresenter.swift */ = {isa = PBXFileReference; lastKnownFileType = sourcecode.swift; path = InterestPlacePresenter.swift; sourceTree = "<group>"; };
		4A89F3D02808CF9900860ABB /* HomeViewController.swift */ = {isa = PBXFileReference; lastKnownFileType = sourcecode.swift; path = HomeViewController.swift; sourceTree = "<group>"; };
		4AE1399F28075A4E00552D0A /* LuckyTrip.app */ = {isa = PBXFileReference; explicitFileType = wrapper.application; includeInIndex = 0; path = LuckyTrip.app; sourceTree = BUILT_PRODUCTS_DIR; };
		4AE139A228075A4E00552D0A /* AppDelegate.swift */ = {isa = PBXFileReference; lastKnownFileType = sourcecode.swift; path = AppDelegate.swift; sourceTree = "<group>"; };
		4AE139A428075A4E00552D0A /* SceneDelegate.swift */ = {isa = PBXFileReference; lastKnownFileType = sourcecode.swift; path = SceneDelegate.swift; sourceTree = "<group>"; };
		4AE139A928075A4E00552D0A /* Base */ = {isa = PBXFileReference; lastKnownFileType = file.storyboard; name = Base; path = Base.lproj/Main.storyboard; sourceTree = "<group>"; };
		4AE139AC28075A4E00552D0A /* LuckyTrip.xcdatamodel */ = {isa = PBXFileReference; lastKnownFileType = wrapper.xcdatamodel; path = LuckyTrip.xcdatamodel; sourceTree = "<group>"; };
		4AE139AE28075A5100552D0A /* Assets.xcassets */ = {isa = PBXFileReference; lastKnownFileType = folder.assetcatalog; path = Assets.xcassets; sourceTree = "<group>"; };
		4AE139B128075A5100552D0A /* Base */ = {isa = PBXFileReference; lastKnownFileType = file.storyboard; name = Base; path = Base.lproj/LaunchScreen.storyboard; sourceTree = "<group>"; };
		4AE139B328075A5100552D0A /* Info.plist */ = {isa = PBXFileReference; lastKnownFileType = text.plist.xml; path = Info.plist; sourceTree = "<group>"; };
		9DF4EF6E0FCA0FC60AC78A6D /* Pods-LuckyTrip.debug.xcconfig */ = {isa = PBXFileReference; includeInIndex = 1; lastKnownFileType = text.xcconfig; name = "Pods-LuckyTrip.debug.xcconfig"; path = "Target Support Files/Pods-LuckyTrip/Pods-LuckyTrip.debug.xcconfig"; sourceTree = "<group>"; };
		C4838F35770A10889DFC5565 /* Pods_LuckyTrip.framework */ = {isa = PBXFileReference; explicitFileType = wrapper.framework; includeInIndex = 0; path = Pods_LuckyTrip.framework; sourceTree = BUILT_PRODUCTS_DIR; };
/* End PBXFileReference section */

/* Begin PBXFrameworksBuildPhase section */
		4AE1399C28075A4E00552D0A /* Frameworks */ = {
			isa = PBXFrameworksBuildPhase;
			buildActionMask = 2147483647;
			files = (
				490F4B644051FABEC0BEDF9E /* Pods_LuckyTrip.framework in Frameworks */,
			);
			runOnlyForDeploymentPostprocessing = 0;
		};
/* End PBXFrameworksBuildPhase section */

/* Begin PBXGroup section */
		06EF746DC88D17D152AB9AE5 /* Frameworks */ = {
			isa = PBXGroup;
			children = (
				C4838F35770A10889DFC5565 /* Pods_LuckyTrip.framework */,
			);
			name = Frameworks;
			sourceTree = "<group>";
		};
		07343A7B2814895B00ECEA67 /* Utils */ = {
			isa = PBXGroup;
			children = (
				07D72EF628160AEF00655381 /* Designs */,
				07343A7C28148B4C00ECEA67 /* LoadingView.swift */,
				075497B62814D18700E0D13A /* Extensions.swift */,
			);
			path = Utils;
			sourceTree = "<group>";
		};
		0785531E28140AE90044CCE2 /* Utils */ = {
			isa = PBXGroup;
			children = (
				0785531F28140AFE0044CCE2 /* Const.swift */,
				07BF92DF28173749000A1A34 /* PreferencesUtils.swift */,
			);
			path = Utils;
			sourceTree = "<group>";
		};
		0785532128140E3C0044CCE2 /* DataPersistence  */ = {
			isa = PBXGroup;
			children = (
				0785532328140E8C0044CCE2 /* Local */,
				0785532228140E7B0044CCE2 /* Remote */,
			);
			path = "DataPersistence ";
			sourceTree = "<group>";
		};
		0785532228140E7B0044CCE2 /* Remote */ = {
			isa = PBXGroup;
			children = (
				07343A79281422DA00ECEA67 /* PlaceOfInterestService.swift */,
			);
			path = Remote;
			sourceTree = "<group>";
		};
		0785532328140E8C0044CCE2 /* Local */ = {
			isa = PBXGroup;
			children = (
			);
			path = Local;
			sourceTree = "<group>";
		};
		07D72EF628160AEF00655381 /* Designs */ = {
			isa = PBXGroup;
			children = (
				07D72EF728160B1000655381 /* ViewDesignable.swift */,
			);
			path = Designs;
			sourceTree = "<group>";
		};
		4430EA4295615BAD3C274E95 /* Pods */ = {
			isa = PBXGroup;
			children = (
				9DF4EF6E0FCA0FC60AC78A6D /* Pods-LuckyTrip.debug.xcconfig */,
				491B1E701FBEC3659151F699 /* Pods-LuckyTrip.release.xcconfig */,
			);
			path = Pods;
			sourceTree = "<group>";
		};
		4A0330042810B4E100AEE9BD /* Cells */ = {
			isa = PBXGroup;
			children = (
				4A0330052810B77600AEE9BD /* InterestPlaceTableViewCell.swift */,
				4A0330062810B77600AEE9BD /* InterestPlaceTableViewCell.xib */,
				07D72EF22816094900655381 /* POICollectionViewCell.swift */,
				07D72EF32816094900655381 /* POICollectionViewCell.xib */,
			);
			path = Cells;
			sourceTree = "<group>";
		};
		4A0330092810C66100AEE9BD /* Model */ = {
			isa = PBXGroup;
			children = (
				4A03300A2810C67500AEE9BD /* InterestPlace.swift */,
				075497B42814BD9E00E0D13A /* InterestPlaceDetail.swift */,
				07D72EEE28157E4E00655381 /* Region.swift */,
			);
			path = Model;
			sourceTree = "<group>";
		};
		4A45204C2808A7D5006EB503 /* View */ = {
			isa = PBXGroup;
			children = (
				07343A7B2814895B00ECEA67 /* Utils */,
				4A0330042810B4E100AEE9BD /* Cells */,
				4AE139A828075A4E00552D0A /* Main.storyboard */,
				4A89F3D02808CF9900860ABB /* HomeViewController.swift */,
				4A03300C2810CA1500AEE9BD /* InterestPlaceDetailViewController.swift */,
				07D72EF02816042E00655381 /* WikipediaWKViewController.swift */,
				07BF92DD2817334B000A1A34 /* SettingsViewController.swift */,
			);
			path = View;
			sourceTree = "<group>";
		};
		4A6149DE280F681A0026EA5C /* Presenter */ = {
			isa = PBXGroup;
			children = (
				4A4DB2352811F28B0002FFAE /* InterestPlacePresenter.swift */,
				075497B22814BA6A00E0D13A /* InterestPlaceDetailPresenter.swift */,
			);
			path = Presenter;
			sourceTree = "<group>";
		};
		4AE1399628075A4E00552D0A = {
			isa = PBXGroup;
			children = (
				4AE139A128075A4E00552D0A /* LuckyTrip */,
				4AE139A028075A4E00552D0A /* Products */,
				4430EA4295615BAD3C274E95 /* Pods */,
				06EF746DC88D17D152AB9AE5 /* Frameworks */,
			);
			sourceTree = "<group>";
		};
		4AE139A028075A4E00552D0A /* Products */ = {
			isa = PBXGroup;
			children = (
				4AE1399F28075A4E00552D0A /* LuckyTrip.app */,
			);
			name = Products;
			sourceTree = "<group>";
		};
		4AE139A128075A4E00552D0A /* LuckyTrip */ = {
			isa = PBXGroup;
			children = (
				0785532128140E3C0044CCE2 /* DataPersistence  */,
				0785531E28140AE90044CCE2 /* Utils */,
				4AE139A228075A4E00552D0A /* AppDelegate.swift */,
				4AE139A428075A4E00552D0A /* SceneDelegate.swift */,
				4A0330092810C66100AEE9BD /* Model */,
				4A6149DE280F681A0026EA5C /* Presenter */,
				4A45204C2808A7D5006EB503 /* View */,
				4AE139AE28075A5100552D0A /* Assets.xcassets */,
				4AE139B028075A5100552D0A /* LaunchScreen.storyboard */,
				4AE139B328075A5100552D0A /* Info.plist */,
				4AE139AB28075A4E00552D0A /* LuckyTrip.xcdatamodeld */,
			);
			path = LuckyTrip;
			sourceTree = "<group>";
		};
/* End PBXGroup section */

/* Begin PBXNativeTarget section */
		4AE1399E28075A4E00552D0A /* LuckyTrip */ = {
			isa = PBXNativeTarget;
			buildConfigurationList = 4AE139B628075A5100552D0A /* Build configuration list for PBXNativeTarget "LuckyTrip" */;
			buildPhases = (
				C6C6C2BE85F68D5C16F02AC6 /* [CP] Check Pods Manifest.lock */,
				4AE1399B28075A4E00552D0A /* Sources */,
				4AE1399C28075A4E00552D0A /* Frameworks */,
				4AE1399D28075A4E00552D0A /* Resources */,
				97C02E5CBA2434DD5653F4E9 /* [CP] Embed Pods Frameworks */,
			);
			buildRules = (
			);
			dependencies = (
			);
			name = LuckyTrip;
			productName = LuckyTrip;
			productReference = 4AE1399F28075A4E00552D0A /* LuckyTrip.app */;
			productType = "com.apple.product-type.application";
		};
/* End PBXNativeTarget section */

/* Begin PBXProject section */
		4AE1399728075A4E00552D0A /* Project object */ = {
			isa = PBXProject;
			attributes = {
				BuildIndependentTargetsInParallel = 1;
				LastSwiftUpdateCheck = 1320;
				LastUpgradeCheck = 1320;
				TargetAttributes = {
					4AE1399E28075A4E00552D0A = {
						CreatedOnToolsVersion = 13.2.1;
					};
				};
			};
			buildConfigurationList = 4AE1399A28075A4E00552D0A /* Build configuration list for PBXProject "LuckyTrip" */;
			compatibilityVersion = "Xcode 13.0";
			developmentRegion = en;
			hasScannedForEncodings = 0;
			knownRegions = (
				en,
				Base,
			);
			mainGroup = 4AE1399628075A4E00552D0A;
			productRefGroup = 4AE139A028075A4E00552D0A /* Products */;
			projectDirPath = "";
			projectRoot = "";
			targets = (
				4AE1399E28075A4E00552D0A /* LuckyTrip */,
			);
		};
/* End PBXProject section */

/* Begin PBXResourcesBuildPhase section */
		4AE1399D28075A4E00552D0A /* Resources */ = {
			isa = PBXResourcesBuildPhase;
			buildActionMask = 2147483647;
			files = (
				4AE139B228075A5100552D0A /* LaunchScreen.storyboard in Resources */,
				4A0330082810B77600AEE9BD /* InterestPlaceTableViewCell.xib in Resources */,
				4AE139AF28075A5100552D0A /* Assets.xcassets in Resources */,
				07D72EF52816094900655381 /* POICollectionViewCell.xib in Resources */,
				4AE139AA28075A4E00552D0A /* Main.storyboard in Resources */,
			);
			runOnlyForDeploymentPostprocessing = 0;
		};
/* End PBXResourcesBuildPhase section */

/* Begin PBXShellScriptBuildPhase section */
		97C02E5CBA2434DD5653F4E9 /* [CP] Embed Pods Frameworks */ = {
			isa = PBXShellScriptBuildPhase;
			buildActionMask = 2147483647;
			files = (
			);
			inputFileListPaths = (
				"${PODS_ROOT}/Target Support Files/Pods-LuckyTrip/Pods-LuckyTrip-frameworks-${CONFIGURATION}-input-files.xcfilelist",
			);
			name = "[CP] Embed Pods Frameworks";
			outputFileListPaths = (
				"${PODS_ROOT}/Target Support Files/Pods-LuckyTrip/Pods-LuckyTrip-frameworks-${CONFIGURATION}-output-files.xcfilelist",
			);
			runOnlyForDeploymentPostprocessing = 0;
			shellPath = /bin/sh;
			shellScript = "\"${PODS_ROOT}/Target Support Files/Pods-LuckyTrip/Pods-LuckyTrip-frameworks.sh\"\n";
			showEnvVarsInLog = 0;
		};
		C6C6C2BE85F68D5C16F02AC6 /* [CP] Check Pods Manifest.lock */ = {
			isa = PBXShellScriptBuildPhase;
			buildActionMask = 2147483647;
			files = (
			);
			inputFileListPaths = (
			);
			inputPaths = (
				"${PODS_PODFILE_DIR_PATH}/Podfile.lock",
				"${PODS_ROOT}/Manifest.lock",
			);
			name = "[CP] Check Pods Manifest.lock";
			outputFileListPaths = (
			);
			outputPaths = (
				"$(DERIVED_FILE_DIR)/Pods-LuckyTrip-checkManifestLockResult.txt",
			);
			runOnlyForDeploymentPostprocessing = 0;
			shellPath = /bin/sh;
			shellScript = "diff \"${PODS_PODFILE_DIR_PATH}/Podfile.lock\" \"${PODS_ROOT}/Manifest.lock\" > /dev/null\nif [ $? != 0 ] ; then\n    # print error to STDERR\n    echo \"error: The sandbox is not in sync with the Podfile.lock. Run 'pod install' or update your CocoaPods installation.\" >&2\n    exit 1\nfi\n# This output is used by Xcode 'outputs' to avoid re-running this script phase.\necho \"SUCCESS\" > \"${SCRIPT_OUTPUT_FILE_0}\"\n";
			showEnvVarsInLog = 0;
		};
/* End PBXShellScriptBuildPhase section */

/* Begin PBXSourcesBuildPhase section */
		4AE1399B28075A4E00552D0A /* Sources */ = {
			isa = PBXSourcesBuildPhase;
			buildActionMask = 2147483647;
			files = (
				07BF92E028173749000A1A34 /* PreferencesUtils.swift in Sources */,
				4A89F3D12808CF9900860ABB /* HomeViewController.swift in Sources */,
				4AE139AD28075A4E00552D0A /* LuckyTrip.xcdatamodeld in Sources */,
				07D72EF12816042E00655381 /* WikipediaWKViewController.swift in Sources */,
				4A4DB2362811F28B0002FFAE /* InterestPlacePresenter.swift in Sources */,
				07D72EEF28157E4E00655381 /* Region.swift in Sources */,
				07BF92DE2817334B000A1A34 /* SettingsViewController.swift in Sources */,
				07343A7D28148B4C00ECEA67 /* LoadingView.swift in Sources */,
				07D72EF42816094900655381 /* POICollectionViewCell.swift in Sources */,
				4A03300D2810CA1600AEE9BD /* InterestPlaceDetailViewController.swift in Sources */,
				4AE139A328075A4E00552D0A /* AppDelegate.swift in Sources */,
				4A03300B2810C67500AEE9BD /* InterestPlace.swift in Sources */,
				075497B32814BA6A00E0D13A /* InterestPlaceDetailPresenter.swift in Sources */,
				4AE139A528075A4E00552D0A /* SceneDelegate.swift in Sources */,
				075497B52814BD9E00E0D13A /* InterestPlaceDetail.swift in Sources */,
				4A0330072810B77600AEE9BD /* InterestPlaceTableViewCell.swift in Sources */,
				07D72EF828160B1000655381 /* ViewDesignable.swift in Sources */,
				07343A7A281422DA00ECEA67 /* PlaceOfInterestService.swift in Sources */,
				0785532028140AFE0044CCE2 /* Const.swift in Sources */,
				075497B72814D18700E0D13A /* Extensions.swift in Sources */,
			);
			runOnlyForDeploymentPostprocessing = 0;
		};
/* End PBXSourcesBuildPhase section */

/* Begin PBXVariantGroup section */
		4AE139A828075A4E00552D0A /* Main.storyboard */ = {
			isa = PBXVariantGroup;
			children = (
				4AE139A928075A4E00552D0A /* Base */,
			);
			name = Main.storyboard;
			sourceTree = "<group>";
		};
		4AE139B028075A5100552D0A /* LaunchScreen.storyboard */ = {
			isa = PBXVariantGroup;
			children = (
				4AE139B128075A5100552D0A /* Base */,
			);
			name = LaunchScreen.storyboard;
			sourceTree = "<group>";
		};
/* End PBXVariantGroup section */

/* Begin XCBuildConfiguration section */
		4AE139B428075A5100552D0A /* Debug */ = {
			isa = XCBuildConfiguration;
			buildSettings = {
				ALWAYS_SEARCH_USER_PATHS = NO;
				CLANG_ANALYZER_NONNULL = YES;
				CLANG_ANALYZER_NUMBER_OBJECT_CONVERSION = YES_AGGRESSIVE;
				CLANG_CXX_LANGUAGE_STANDARD = "gnu++17";
				CLANG_CXX_LIBRARY = "libc++";
				CLANG_ENABLE_MODULES = YES;
				CLANG_ENABLE_OBJC_ARC = YES;
				CLANG_ENABLE_OBJC_WEAK = YES;
				CLANG_WARN_BLOCK_CAPTURE_AUTORELEASING = YES;
				CLANG_WARN_BOOL_CONVERSION = YES;
				CLANG_WARN_COMMA = YES;
				CLANG_WARN_CONSTANT_CONVERSION = YES;
				CLANG_WARN_DEPRECATED_OBJC_IMPLEMENTATIONS = YES;
				CLANG_WARN_DIRECT_OBJC_ISA_USAGE = YES_ERROR;
				CLANG_WARN_DOCUMENTATION_COMMENTS = YES;
				CLANG_WARN_EMPTY_BODY = YES;
				CLANG_WARN_ENUM_CONVERSION = YES;
				CLANG_WARN_INFINITE_RECURSION = YES;
				CLANG_WARN_INT_CONVERSION = YES;
				CLANG_WARN_NON_LITERAL_NULL_CONVERSION = YES;
				CLANG_WARN_OBJC_IMPLICIT_RETAIN_SELF = YES;
				CLANG_WARN_OBJC_LITERAL_CONVERSION = YES;
				CLANG_WARN_OBJC_ROOT_CLASS = YES_ERROR;
				CLANG_WARN_QUOTED_INCLUDE_IN_FRAMEWORK_HEADER = YES;
				CLANG_WARN_RANGE_LOOP_ANALYSIS = YES;
				CLANG_WARN_STRICT_PROTOTYPES = YES;
				CLANG_WARN_SUSPICIOUS_MOVE = YES;
				CLANG_WARN_UNGUARDED_AVAILABILITY = YES_AGGRESSIVE;
				CLANG_WARN_UNREACHABLE_CODE = YES;
				CLANG_WARN__DUPLICATE_METHOD_MATCH = YES;
				COPY_PHASE_STRIP = NO;
				DEBUG_INFORMATION_FORMAT = dwarf;
				ENABLE_STRICT_OBJC_MSGSEND = YES;
				ENABLE_TESTABILITY = YES;
				GCC_C_LANGUAGE_STANDARD = gnu11;
				GCC_DYNAMIC_NO_PIC = NO;
				GCC_NO_COMMON_BLOCKS = YES;
				GCC_OPTIMIZATION_LEVEL = 0;
				GCC_PREPROCESSOR_DEFINITIONS = (
					"DEBUG=1",
					"$(inherited)",
				);
				GCC_WARN_64_TO_32_BIT_CONVERSION = YES;
				GCC_WARN_ABOUT_RETURN_TYPE = YES_ERROR;
				GCC_WARN_UNDECLARED_SELECTOR = YES;
				GCC_WARN_UNINITIALIZED_AUTOS = YES_AGGRESSIVE;
				GCC_WARN_UNUSED_FUNCTION = YES;
				GCC_WARN_UNUSED_VARIABLE = YES;
				IPHONEOS_DEPLOYMENT_TARGET = 15.2;
				MTL_ENABLE_DEBUG_INFO = INCLUDE_SOURCE;
				MTL_FAST_MATH = YES;
				ONLY_ACTIVE_ARCH = YES;
				SDKROOT = iphoneos;
				SWIFT_ACTIVE_COMPILATION_CONDITIONS = DEBUG;
				SWIFT_OPTIMIZATION_LEVEL = "-Onone";
			};
			name = Debug;
		};
		4AE139B528075A5100552D0A /* Release */ = {
			isa = XCBuildConfiguration;
			buildSettings = {
				ALWAYS_SEARCH_USER_PATHS = NO;
				CLANG_ANALYZER_NONNULL = YES;
				CLANG_ANALYZER_NUMBER_OBJECT_CONVERSION = YES_AGGRESSIVE;
				CLANG_CXX_LANGUAGE_STANDARD = "gnu++17";
				CLANG_CXX_LIBRARY = "libc++";
				CLANG_ENABLE_MODULES = YES;
				CLANG_ENABLE_OBJC_ARC = YES;
				CLANG_ENABLE_OBJC_WEAK = YES;
				CLANG_WARN_BLOCK_CAPTURE_AUTORELEASING = YES;
				CLANG_WARN_BOOL_CONVERSION = YES;
				CLANG_WARN_COMMA = YES;
				CLANG_WARN_CONSTANT_CONVERSION = YES;
				CLANG_WARN_DEPRECATED_OBJC_IMPLEMENTATIONS = YES;
				CLANG_WARN_DIRECT_OBJC_ISA_USAGE = YES_ERROR;
				CLANG_WARN_DOCUMENTATION_COMMENTS = YES;
				CLANG_WARN_EMPTY_BODY = YES;
				CLANG_WARN_ENUM_CONVERSION = YES;
				CLANG_WARN_INFINITE_RECURSION = YES;
				CLANG_WARN_INT_CONVERSION = YES;
				CLANG_WARN_NON_LITERAL_NULL_CONVERSION = YES;
				CLANG_WARN_OBJC_IMPLICIT_RETAIN_SELF = YES;
				CLANG_WARN_OBJC_LITERAL_CONVERSION = YES;
				CLANG_WARN_OBJC_ROOT_CLASS = YES_ERROR;
				CLANG_WARN_QUOTED_INCLUDE_IN_FRAMEWORK_HEADER = YES;
				CLANG_WARN_RANGE_LOOP_ANALYSIS = YES;
				CLANG_WARN_STRICT_PROTOTYPES = YES;
				CLANG_WARN_SUSPICIOUS_MOVE = YES;
				CLANG_WARN_UNGUARDED_AVAILABILITY = YES_AGGRESSIVE;
				CLANG_WARN_UNREACHABLE_CODE = YES;
				CLANG_WARN__DUPLICATE_METHOD_MATCH = YES;
				COPY_PHASE_STRIP = NO;
				DEBUG_INFORMATION_FORMAT = "dwarf-with-dsym";
				ENABLE_NS_ASSERTIONS = NO;
				ENABLE_STRICT_OBJC_MSGSEND = YES;
				GCC_C_LANGUAGE_STANDARD = gnu11;
				GCC_NO_COMMON_BLOCKS = YES;
				GCC_WARN_64_TO_32_BIT_CONVERSION = YES;
				GCC_WARN_ABOUT_RETURN_TYPE = YES_ERROR;
				GCC_WARN_UNDECLARED_SELECTOR = YES;
				GCC_WARN_UNINITIALIZED_AUTOS = YES_AGGRESSIVE;
				GCC_WARN_UNUSED_FUNCTION = YES;
				GCC_WARN_UNUSED_VARIABLE = YES;
				IPHONEOS_DEPLOYMENT_TARGET = 15.2;
				MTL_ENABLE_DEBUG_INFO = NO;
				MTL_FAST_MATH = YES;
				SDKROOT = iphoneos;
				SWIFT_COMPILATION_MODE = wholemodule;
				SWIFT_OPTIMIZATION_LEVEL = "-O";
				VALIDATE_PRODUCT = YES;
			};
			name = Release;
		};
		4AE139B728075A5100552D0A /* Debug */ = {
			isa = XCBuildConfiguration;
			baseConfigurationReference = 9DF4EF6E0FCA0FC60AC78A6D /* Pods-LuckyTrip.debug.xcconfig */;
			buildSettings = {
				ASSETCATALOG_COMPILER_APPICON_NAME = AppIcon;
				ASSETCATALOG_COMPILER_GLOBAL_ACCENT_COLOR_NAME = AccentColor;
				CODE_SIGN_STYLE = Automatic;
				CURRENT_PROJECT_VERSION = 1;
				DEVELOPMENT_TEAM = 9S4AQ3R796;
				GENERATE_INFOPLIST_FILE = YES;
				INFOPLIST_FILE = LuckyTrip/Info.plist;
				INFOPLIST_KEY_UIApplicationSupportsIndirectInputEvents = YES;
				INFOPLIST_KEY_UILaunchStoryboardName = LaunchScreen;
				INFOPLIST_KEY_UIMainStoryboardFile = Main;
				INFOPLIST_KEY_UIStatusBarHidden = NO;
				INFOPLIST_KEY_UISupportedInterfaceOrientations_iPad = "UIInterfaceOrientationPortrait UIInterfaceOrientationPortraitUpsideDown UIInterfaceOrientationLandscapeLeft UIInterfaceOrientationLandscapeRight";
				INFOPLIST_KEY_UISupportedInterfaceOrientations_iPhone = "UIInterfaceOrientationPortrait UIInterfaceOrientationLandscapeLeft UIInterfaceOrientationLandscapeRight";
				LD_RUNPATH_SEARCH_PATHS = (
					"$(inherited)",
					"@executable_path/Frameworks",
				);
				MARKETING_VERSION = 1.0;
				PRODUCT_BUNDLE_IDENTIFIER = com.esprit.LuckyTrip;
				PRODUCT_NAME = "$(TARGET_NAME)";
				SWIFT_EMIT_LOC_STRINGS = YES;
				SWIFT_VERSION = 5.0;
				TARGETED_DEVICE_FAMILY = 1;
			};
			name = Debug;
		};
		4AE139B828075A5100552D0A /* Release */ = {
			isa = XCBuildConfiguration;
			baseConfigurationReference = 491B1E701FBEC3659151F699 /* Pods-LuckyTrip.release.xcconfig */;
			buildSettings = {
				ASSETCATALOG_COMPILER_APPICON_NAME = AppIcon;
				ASSETCATALOG_COMPILER_GLOBAL_ACCENT_COLOR_NAME = AccentColor;
				CODE_SIGN_STYLE = Automatic;
				CURRENT_PROJECT_VERSION = 1;
				DEVELOPMENT_TEAM = 9S4AQ3R796;
				GENERATE_INFOPLIST_FILE = YES;
				INFOPLIST_FILE = LuckyTrip/Info.plist;
				INFOPLIST_KEY_UIApplicationSupportsIndirectInputEvents = YES;
				INFOPLIST_KEY_UILaunchStoryboardName = LaunchScreen;
				INFOPLIST_KEY_UIMainStoryboardFile = Main;
				INFOPLIST_KEY_UIStatusBarHidden = NO;
				INFOPLIST_KEY_UISupportedInterfaceOrientations_iPad = "UIInterfaceOrientationPortrait UIInterfaceOrientationPortraitUpsideDown UIInterfaceOrientationLandscapeLeft UIInterfaceOrientationLandscapeRight";
				INFOPLIST_KEY_UISupportedInterfaceOrientations_iPhone = "UIInterfaceOrientationPortrait UIInterfaceOrientationLandscapeLeft UIInterfaceOrientationLandscapeRight";
				LD_RUNPATH_SEARCH_PATHS = (
					"$(inherited)",
					"@executable_path/Frameworks",
				);
				MARKETING_VERSION = 1.0;
				PRODUCT_BUNDLE_IDENTIFIER = com.esprit.LuckyTrip;
				PRODUCT_NAME = "$(TARGET_NAME)";
				SWIFT_EMIT_LOC_STRINGS = YES;
				SWIFT_VERSION = 5.0;
				TARGETED_DEVICE_FAMILY = 1;
			};
			name = Release;
		};
/* End XCBuildConfiguration section */

/* Begin XCConfigurationList section */
		4AE1399A28075A4E00552D0A /* Build configuration list for PBXProject "LuckyTrip" */ = {
			isa = XCConfigurationList;
			buildConfigurations = (
				4AE139B428075A5100552D0A /* Debug */,
				4AE139B528075A5100552D0A /* Release */,
			);
			defaultConfigurationIsVisible = 0;
			defaultConfigurationName = Release;
		};
		4AE139B628075A5100552D0A /* Build configuration list for PBXNativeTarget "LuckyTrip" */ = {
			isa = XCConfigurationList;
			buildConfigurations = (
				4AE139B728075A5100552D0A /* Debug */,
				4AE139B828075A5100552D0A /* Release */,
			);
			defaultConfigurationIsVisible = 0;
			defaultConfigurationName = Release;
		};
/* End XCConfigurationList section */

/* Begin XCVersionGroup section */
		4AE139AB28075A4E00552D0A /* LuckyTrip.xcdatamodeld */ = {
			isa = XCVersionGroup;
			children = (
				4AE139AC28075A4E00552D0A /* LuckyTrip.xcdatamodel */,
			);
			currentVersion = 4AE139AC28075A4E00552D0A /* LuckyTrip.xcdatamodel */;
			path = LuckyTrip.xcdatamodeld;
			sourceTree = "<group>";
			versionGroupType = wrapper.xcdatamodel;
		};
/* End XCVersionGroup section */
	};
	rootObject = 4AE1399728075A4E00552D0A /* Project object */;
}
